
Microsoft Visual Studio Solution File, Format Version 12.00
# Visual Studio Version 17
VisualStudioVersion = 17.11.35219.272
MinimumVisualStudioVersion = 10.0.40219.1
Project("{9A19103F-16F7-4668-BE54-9A1E7A4F7556}") = "ConsoleApp1", "ConsoleApp1\ConsoleApp1.csproj", "{D203EB5E-E153-4F81-B1C8-51AF452949CF}"
EndProject
Project("{9A19103F-16F7-4668-BE54-9A1E7A4F7556}") = "ConsoleApp2", "ConsoleApp2\ConsoleApp2.csproj", "{F47D26A1-BD79-481B-B7E2-7FB51E53F86D}"
EndProject
Project("{9A19103F-16F7-4668-BE54-9A1E7A4F7556}") = "ConsoleApp3", "ConsoleApp3\ConsoleApp3.csproj", "{17EED439-A309-41A5-9B6D-46CA24C86A5A}"
EndProject
Project("{9A19103F-16F7-4668-BE54-9A1E7A4F7556}") = "ConsoleApp4", "ConsoleApp4\ConsoleApp4.csproj", "{F4C62A2F-71DB-4FB5-B85E-7F2E18EDC684}"
EndProject
Project("{FAE04EC0-301F-11D3-BF4B-00C04F79EFBC}") = "ConsoleApp5", "ConsoleApp5\ConsoleApp5.csproj", "{61F75EBD-B9C5-4E11-99FE-51E2CF7F5A57}"
EndProject
Global
	GlobalSection(SolutionConfigurationPlatforms) = preSolution
		Debug|Any CPU = Debug|Any CPU
		Release|Any CPU = Release|Any CPU
	EndGlobalSection
	GlobalSection(ProjectConfigurationPlatforms) = postSolution
		{D203EB5E-E153-4F81-B1C8-51AF452949CF}.Debug|Any CPU.ActiveCfg = Debug|Any CPU
		{D203EB5E-E153-4F81-B1C8-51AF452949CF}.Debug|Any CPU.Build.0 = Debug|Any CPU
		{D203EB5E-E153-4F81-B1C8-51AF452949CF}.Release|Any CPU.ActiveCfg = Release|Any CPU
		{D203EB5E-E153-4F81-B1C8-51AF452949CF}.Release|Any CPU.Build.0 = Release|Any CPU
		{F47D26A1-BD79-481B-B7E2-7FB51E53F86D}.Debug|Any CPU.ActiveCfg = Debug|Any CPU
		{F47D26A1-BD79-481B-B7E2-7FB51E53F86D}.Debug|Any CPU.Build.0 = Debug|Any CPU
		{F47D26A1-BD79-481B-B7E2-7FB51E53F86D}.Release|Any CPU.ActiveCfg = Release|Any CPU
		{F47D26A1-BD79-481B-B7E2-7FB51E53F86D}.Release|Any CPU.Build.0 = Release|Any CPU
		{17EED439-A309-41A5-9B6D-46CA24C86A5A}.Debug|Any CPU.ActiveCfg = Debug|Any CPU
		{17EED439-A309-41A5-9B6D-46CA24C86A5A}.Debug|Any CPU.Build.0 = Debug|Any CPU
		{17EED439-A309-41A5-9B6D-46CA24C86A5A}.Release|Any CPU.ActiveCfg = Release|Any CPU
		{17EED439-A309-41A5-9B6D-46CA24C86A5A}.Release|Any CPU.Build.0 = Release|Any CPU
		{F4C62A2F-71DB-4FB5-B85E-7F2E18EDC684}.Debug|Any CPU.ActiveCfg = Debug|Any CPU
		{F4C62A2F-71DB-4FB5-B85E-7F2E18EDC684}.Debug|Any CPU.Build.0 = Debug|Any CPU
		{F4C62A2F-71DB-4FB5-B85E-7F2E18EDC684}.Release|Any CPU.ActiveCfg = Release|Any CPU
		{F4C62A2F-71DB-4FB5-B85E-7F2E18EDC684}.Release|Any CPU.Build.0 = Release|Any CPU
		{61F75EBD-B9C5-4E11-99FE-51E2CF7F5A57}.Debug|Any CPU.ActiveCfg = Debug|Any CPU
		{61F75EBD-B9C5-4E11-99FE-51E2CF7F5A57}.Debug|Any CPU.Build.0 = Debug|Any CPU
		{61F75EBD-B9C5-4E11-99FE-51E2CF7F5A57}.Release|Any CPU.ActiveCfg = Release|Any CPU
		{61F75EBD-B9C5-4E11-99FE-51E2CF7F5A57}.Release|Any CPU.Build.0 = Release|Any CPU
	EndGlobalSection
	GlobalSection(SolutionProperties) = preSolution
		HideSolutionNode = FALSE
	EndGlobalSection
	GlobalSection(ExtensibilityGlobals) = postSolution
		SolutionGuid = {E56A8606-B71B-480A-B526-9E6AC827ADE9}
	EndGlobalSection
EndGlobal
